
Microsoft Visual Studio Solution File, Format Version 12.00
# Visual Studio Version 16
VisualStudioVersion = 16.0.30907.101
MinimumVisualStudioVersion = 10.0.40219.1
Project("{FAE04EC0-301F-11D3-BF4B-00C04F79EFBC}") = "TOTPGen", "TOTPGen\TOTPGen.csproj", "{4F1901AC-D0C6-4535-9B2B-9A350A7AD770}"
EndProject
Global
	GlobalSection(SolutionConfigurationPlatforms) = preSolution
		Debug|Any CPU = Debug|Any CPU
		Release|Any CPU = Release|Any CPU
	EndGlobalSection
	GlobalSection(ProjectConfigurationPlatforms) = postSolution
		{4F1901AC-D0C6-4535-9B2B-9A350A7AD770}.Debug|Any CPU.ActiveCfg = Debug|Any CPU
		{4F1901AC-D0C6-4535-9B2B-9A350A7AD770}.Debug|Any CPU.Build.0 = Debug|Any CPU
		{4F1901AC-D0C6-4535-9B2B-9A350A7AD770}.Release|Any CPU.ActiveCfg = Release|Any CPU
		{4F1901AC-D0C6-4535-9B2B-9A350A7AD770}.Release|Any CPU.Build.0 = Release|Any CPU
	EndGlobalSection
	GlobalSection(SolutionProperties) = preSolution
		HideSolutionNode = FALSE
	EndGlobalSection
	GlobalSection(ExtensibilityGlobals) = postSolution
		SolutionGuid = {920B3DA4-6A5D-4851-ABD4-ADF5653BB561}
	EndGlobalSection
EndGlobal
